
Microsoft Visual Studio Solution File, Format Version 12.00
# Visual Studio 15
VisualStudioVersion = 15.0.26730.15
MinimumVisualStudioVersion = 10.0.40219.1
Project("{FAE04EC0-301F-11D3-BF4B-00C04F79EFBC}") = "BayesSpamFilter", "BayesSpamFilter\BayesSpamFilter.csproj", "{72D44E42-0E23-4508-82D6-47F309F63F12}"
EndProject
Global
	GlobalSection(SolutionConfigurationPlatforms) = preSolution
		Debug|Any CPU = Debug|Any CPU
		Release|Any CPU = Release|Any CPU
	EndGlobalSection
	GlobalSection(ProjectConfigurationPlatforms) = postSolution
		{72D44E42-0E23-4508-82D6-47F309F63F12}.Debug|Any CPU.ActiveCfg = Debug|Any CPU
		{72D44E42-0E23-4508-82D6-47F309F63F12}.Debug|Any CPU.Build.0 = Debug|Any CPU
		{72D44E42-0E23-4508-82D6-47F309F63F12}.Release|Any CPU.ActiveCfg = Release|Any CPU
		{72D44E42-0E23-4508-82D6-47F309F63F12}.Release|Any CPU.Build.0 = Release|Any CPU
	EndGlobalSection
	GlobalSection(SolutionProperties) = preSolution
		HideSolutionNode = FALSE
	EndGlobalSection
	GlobalSection(ExtensibilityGlobals) = postSolution
		SolutionGuid = {C3CEA6CD-F692-4F6B-AC96-7B375B58A7C5}
	EndGlobalSection
EndGlobal
